
Microsoft Visual Studio Solution File, Format Version 12.00
# Visual Studio Version 17
VisualStudioVersion = 17.11.35327.3
MinimumVisualStudioVersion = 10.0.40219.1
Project("{FAE04EC0-301F-11D3-BF4B-00C04F79EFBC}") = "CustomApplication", "CustomApplication.csproj", "{F6214EB0-144F-40A0-977E-8DA254C79184}"
EndProject
Global
	GlobalSection(SolutionConfigurationPlatforms) = preSolution
		Debug|Any CPU = Debug|Any CPU
		Release|Any CPU = Release|Any CPU
	EndGlobalSection
	GlobalSection(ProjectConfigurationPlatforms) = postSolution
		{F6214EB0-144F-40A0-977E-8DA254C79184}.Debug|Any CPU.ActiveCfg = Debug|Any CPU
		{F6214EB0-144F-40A0-977E-8DA254C79184}.Debug|Any CPU.Build.0 = Debug|Any CPU
		{F6214EB0-144F-40A0-977E-8DA254C79184}.Release|Any CPU.ActiveCfg = Release|Any CPU
		{F6214EB0-144F-40A0-977E-8DA254C79184}.Release|Any CPU.Build.0 = Release|Any CPU
	EndGlobalSection
	GlobalSection(SolutionProperties) = preSolution
		HideSolutionNode = FALSE
	EndGlobalSection
	GlobalSection(ExtensibilityGlobals) = postSolution
		SolutionGuid = {40AF9570-ACF8-4F80-A532-DE392C2B3FB2}
	EndGlobalSection
EndGlobal
