
Microsoft Visual Studio Solution File, Format Version 12.00
# Visual Studio Version 17
VisualStudioVersion = 17.11.35327.3
MinimumVisualStudioVersion = 10.0.40219.1
Project("{9A19103F-16F7-4668-BE54-9A1E7A4F7556}") = "CustomMVC", "CustomMVC.csproj", "{BECC8E69-687C-42D3-9C8B-E262C266CEBA}"
EndProject
Project("{9A19103F-16F7-4668-BE54-9A1E7A4F7556}") = "Tests", "..\Tests\Tests.csproj", "{0F051C90-99B7-4262-B69E-BF5DDF8D7540}"
EndProject
Global
	GlobalSection(SolutionConfigurationPlatforms) = preSolution
		Debug|Any CPU = Debug|Any CPU
		Release|Any CPU = Release|Any CPU
	EndGlobalSection
	GlobalSection(ProjectConfigurationPlatforms) = postSolution
		{BECC8E69-687C-42D3-9C8B-E262C266CEBA}.Debug|Any CPU.ActiveCfg = Debug|Any CPU
		{BECC8E69-687C-42D3-9C8B-E262C266CEBA}.Debug|Any CPU.Build.0 = Debug|Any CPU
		{BECC8E69-687C-42D3-9C8B-E262C266CEBA}.Release|Any CPU.ActiveCfg = Release|Any CPU
		{BECC8E69-687C-42D3-9C8B-E262C266CEBA}.Release|Any CPU.Build.0 = Release|Any CPU
		{0F051C90-99B7-4262-B69E-BF5DDF8D7540}.Debug|Any CPU.ActiveCfg = Debug|Any CPU
		{0F051C90-99B7-4262-B69E-BF5DDF8D7540}.Debug|Any CPU.Build.0 = Debug|Any CPU
		{0F051C90-99B7-4262-B69E-BF5DDF8D7540}.Release|Any CPU.ActiveCfg = Release|Any CPU
		{0F051C90-99B7-4262-B69E-BF5DDF8D7540}.Release|Any CPU.Build.0 = Release|Any CPU
	EndGlobalSection
	GlobalSection(SolutionProperties) = preSolution
		HideSolutionNode = FALSE
	EndGlobalSection
	GlobalSection(ExtensibilityGlobals) = postSolution
		SolutionGuid = {AA4E087E-219D-4262-ACB2-A5B8A5FBCB8D}
	EndGlobalSection
EndGlobal
